
Microsoft Visual Studio Solution File, Format Version 12.00
# Visual Studio Version 16
VisualStudioVersion = 16.0.30320.27
MinimumVisualStudioVersion = 10.0.40219.1
Project("{FAE04EC0-301F-11D3-BF4B-00C04F79EFBC}") = "BetterConsoleApp", "BetterConsoleApp\BetterConsoleApp.csproj", "{396F082D-9A20-480E-9E05-C09A9562961A}"
EndProject
Global
	GlobalSection(SolutionConfigurationPlatforms) = preSolution
		Debug|Any CPU = Debug|Any CPU
		Release|Any CPU = Release|Any CPU
	EndGlobalSection
	GlobalSection(ProjectConfigurationPlatforms) = postSolution
		{396F082D-9A20-480E-9E05-C09A9562961A}.Debug|Any CPU.ActiveCfg = Debug|Any CPU
		{396F082D-9A20-480E-9E05-C09A9562961A}.Debug|Any CPU.Build.0 = Debug|Any CPU
		{396F082D-9A20-480E-9E05-C09A9562961A}.Release|Any CPU.ActiveCfg = Release|Any CPU
		{396F082D-9A20-480E-9E05-C09A9562961A}.Release|Any CPU.Build.0 = Release|Any CPU
	EndGlobalSection
	GlobalSection(SolutionProperties) = preSolution
		HideSolutionNode = FALSE
	EndGlobalSection
	GlobalSection(ExtensibilityGlobals) = postSolution
		SolutionGuid = {59840C22-C959-4EAD-95A0-139640D52B6A}
	EndGlobalSection
EndGlobal
